
Microsoft Visual Studio Solution File, Format Version 12.00
# Visual Studio Version 16
VisualStudioVersion = 16.0.32901.82
MinimumVisualStudioVersion = 10.0.40219.1
Project("{FAE04EC0-301F-11D3-BF4B-00C04F79EFBC}") = "YemekSepeti", "YemekSepeti\YemekSepeti.csproj", "{8F82B9E8-FDB6-4310-BF17-81B51B0C2A16}"
EndProject
Global
	GlobalSection(SolutionConfigurationPlatforms) = preSolution
		Debug|Any CPU = Debug|Any CPU
		Release|Any CPU = Release|Any CPU
	EndGlobalSection
	GlobalSection(ProjectConfigurationPlatforms) = postSolution
		{8F82B9E8-FDB6-4310-BF17-81B51B0C2A16}.Debug|Any CPU.ActiveCfg = Debug|Any CPU
		{8F82B9E8-FDB6-4310-BF17-81B51B0C2A16}.Debug|Any CPU.Build.0 = Debug|Any CPU
		{8F82B9E8-FDB6-4310-BF17-81B51B0C2A16}.Release|Any CPU.ActiveCfg = Release|Any CPU
		{8F82B9E8-FDB6-4310-BF17-81B51B0C2A16}.Release|Any CPU.Build.0 = Release|Any CPU
	EndGlobalSection
	GlobalSection(SolutionProperties) = preSolution
		HideSolutionNode = FALSE
	EndGlobalSection
	GlobalSection(ExtensibilityGlobals) = postSolution
		SolutionGuid = {6750F653-4798-407C-B63D-9EE86B0A3D03}
	EndGlobalSection
EndGlobal
